
Microsoft Visual Studio Solution File, Format Version 12.00
# Visual Studio Version 17
VisualStudioVersion = 17.7.34031.279
MinimumVisualStudioVersion = 10.0.40219.1
Project("{9A19103F-16F7-4668-BE54-9A1E7A4F7556}") = "Stockastic", "Stockastic\Stockastic.csproj", "{DF7DE22B-6A7D-4B88-A2B3-67EDEB8EF759}"
EndProject
Global
	GlobalSection(SolutionConfigurationPlatforms) = preSolution
		Debug|Any CPU = Debug|Any CPU
		Release|Any CPU = Release|Any CPU
	EndGlobalSection
	GlobalSection(ProjectConfigurationPlatforms) = postSolution
		{DF7DE22B-6A7D-4B88-A2B3-67EDEB8EF759}.Debug|Any CPU.ActiveCfg = Debug|Any CPU
		{DF7DE22B-6A7D-4B88-A2B3-67EDEB8EF759}.Debug|Any CPU.Build.0 = Debug|Any CPU
		{DF7DE22B-6A7D-4B88-A2B3-67EDEB8EF759}.Release|Any CPU.ActiveCfg = Release|Any CPU
		{DF7DE22B-6A7D-4B88-A2B3-67EDEB8EF759}.Release|Any CPU.Build.0 = Release|Any CPU
	EndGlobalSection
	GlobalSection(SolutionProperties) = preSolution
		HideSolutionNode = FALSE
	EndGlobalSection
	GlobalSection(ExtensibilityGlobals) = postSolution
		SolutionGuid = {22882E18-FA9F-418C-B964-67E20B8D89A8}
	EndGlobalSection
EndGlobal
